
Microsoft Visual Studio Solution File, Format Version 12.00
# Visual Studio Version 17
VisualStudioVersion = 17.2.32630.192
MinimumVisualStudioVersion = 10.0.40219.1
Project("{8BC9CEB8-8B4A-11D0-8D11-00A0C91BC942}") = "DirectX_Learn", "DirectX_Learn.vcxproj", "{B7846284-9BEA-4975-95AF-49CDA529EB82}"
EndProject
Global
	GlobalSection(SolutionConfigurationPlatforms) = preSolution
		Debug|x64 = Debug|x64
		Debug|x86 = Debug|x86
		Release|x64 = Release|x64
		Release|x86 = Release|x86
	EndGlobalSection
	GlobalSection(ProjectConfigurationPlatforms) = postSolution
		{B7846284-9BEA-4975-95AF-49CDA529EB82}.Debug|x64.ActiveCfg = Debug|x64
		{B7846284-9BEA-4975-95AF-49CDA529EB82}.Debug|x64.Build.0 = Debug|x64
		{B7846284-9BEA-4975-95AF-49CDA529EB82}.Debug|x86.ActiveCfg = Debug|Win32
		{B7846284-9BEA-4975-95AF-49CDA529EB82}.Debug|x86.Build.0 = Debug|Win32
		{B7846284-9BEA-4975-95AF-49CDA529EB82}.Release|x64.ActiveCfg = Release|x64
		{B7846284-9BEA-4975-95AF-49CDA529EB82}.Release|x64.Build.0 = Release|x64
		{B7846284-9BEA-4975-95AF-49CDA529EB82}.Release|x86.ActiveCfg = Release|Win32
		{B7846284-9BEA-4975-95AF-49CDA529EB82}.Release|x86.Build.0 = Release|Win32
	EndGlobalSection
	GlobalSection(SolutionProperties) = preSolution
		HideSolutionNode = FALSE
	EndGlobalSection
	GlobalSection(ExtensibilityGlobals) = postSolution
		SolutionGuid = {A9528A2D-7D4F-4C22-B8A1-C665E2CDBAFF}
	EndGlobalSection
EndGlobal
